
Microsoft Visual Studio Solution File, Format Version 12.00
# Visual Studio Version 17
VisualStudioVersion = 17.7.34031.279
MinimumVisualStudioVersion = 10.0.40219.1
Project("{FAE04EC0-301F-11D3-BF4B-00C04F79EFBC}") = "EXER5", "EXER5\EXER5.csproj", "{E67E435D-97E4-466A-AF1B-E5C3BECCB6DC}"
EndProject
Global
	GlobalSection(SolutionConfigurationPlatforms) = preSolution
		Debug|Any CPU = Debug|Any CPU
		Release|Any CPU = Release|Any CPU
	EndGlobalSection
	GlobalSection(ProjectConfigurationPlatforms) = postSolution
		{E67E435D-97E4-466A-AF1B-E5C3BECCB6DC}.Debug|Any CPU.ActiveCfg = Debug|Any CPU
		{E67E435D-97E4-466A-AF1B-E5C3BECCB6DC}.Debug|Any CPU.Build.0 = Debug|Any CPU
		{E67E435D-97E4-466A-AF1B-E5C3BECCB6DC}.Release|Any CPU.ActiveCfg = Release|Any CPU
		{E67E435D-97E4-466A-AF1B-E5C3BECCB6DC}.Release|Any CPU.Build.0 = Release|Any CPU
	EndGlobalSection
	GlobalSection(SolutionProperties) = preSolution
		HideSolutionNode = FALSE
	EndGlobalSection
	GlobalSection(ExtensibilityGlobals) = postSolution
		SolutionGuid = {A2ED8F1D-667D-48ED-A8C2-A25A3B192B0F}
	EndGlobalSection
EndGlobal
